
Microsoft Visual Studio Solution File, Format Version 11.00
# Visual Studio 2010
Project("{FAE04EC0-301F-11D3-BF4B-00C04F79EFBC}") = "Fucking-around", "Assembly-CSharp-firstpass.csproj", "{4167C34C-0B53-E611-B734-AFC69CECA1E3}"
EndProject
Project("{FAE04EC0-301F-11D3-BF4B-00C04F79EFBC}") = "Fucking-around", "Assembly-CSharp.csproj", "{9F26084A-A433-22A9-26F0-93516A088BCE}"
EndProject
Project("{FAE04EC0-301F-11D3-BF4B-00C04F79EFBC}") = "Fucking-around", "Assembly-CSharp-Editor.csproj", "{B888218C-A124-2F9B-4F28-368C4E6396D3}"
EndProject
Global
	GlobalSection(SolutionConfigurationPlatforms) = preSolution
		Debug|Any CPU = Debug|Any CPU
		Release|Any CPU = Release|Any CPU
	EndGlobalSection
	GlobalSection(ProjectConfigurationPlatforms) = postSolution
		{4167C34C-0B53-E611-B734-AFC69CECA1E3}.Debug|Any CPU.ActiveCfg = Debug|Any CPU
		{4167C34C-0B53-E611-B734-AFC69CECA1E3}.Debug|Any CPU.Build.0 = Debug|Any CPU
		{4167C34C-0B53-E611-B734-AFC69CECA1E3}.Release|Any CPU.ActiveCfg = Release|Any CPU
		{4167C34C-0B53-E611-B734-AFC69CECA1E3}.Release|Any CPU.Build.0 = Release|Any CPU
		{9F26084A-A433-22A9-26F0-93516A088BCE}.Debug|Any CPU.ActiveCfg = Debug|Any CPU
		{9F26084A-A433-22A9-26F0-93516A088BCE}.Debug|Any CPU.Build.0 = Debug|Any CPU
		{9F26084A-A433-22A9-26F0-93516A088BCE}.Release|Any CPU.ActiveCfg = Release|Any CPU
		{9F26084A-A433-22A9-26F0-93516A088BCE}.Release|Any CPU.Build.0 = Release|Any CPU
		{B888218C-A124-2F9B-4F28-368C4E6396D3}.Debug|Any CPU.ActiveCfg = Debug|Any CPU
		{B888218C-A124-2F9B-4F28-368C4E6396D3}.Debug|Any CPU.Build.0 = Debug|Any CPU
		{B888218C-A124-2F9B-4F28-368C4E6396D3}.Release|Any CPU.ActiveCfg = Release|Any CPU
		{B888218C-A124-2F9B-4F28-368C4E6396D3}.Release|Any CPU.Build.0 = Release|Any CPU
	EndGlobalSection
	GlobalSection(SolutionProperties) = preSolution
		HideSolutionNode = FALSE
	EndGlobalSection
	GlobalSection(MonoDevelopProperties) = preSolution
		StartupItem = Assembly-CSharp.csproj
	EndGlobalSection
EndGlobal
